// !$*UTF8*$!
{
	archiveVersion = 1;
	classes = {
	};
	objectVersion = 55;
	objects = {

/* Begin PBXBuildFile section */
		D8845D5528752F6300A2565D /* AppDelegate.swift in Sources */ = {isa = PBXBuildFile; fileRef = D8845D5428752F6300A2565D /* AppDelegate.swift */; };
		D8845D5728752F6300A2565D /* SceneDelegate.swift in Sources */ = {isa = PBXBuildFile; fileRef = D8845D5628752F6300A2565D /* SceneDelegate.swift */; };
		D8845D5928752F6300A2565D /* StationSearchViewController.swift in Sources */ = {isa = PBXBuildFile; fileRef = D8845D5828752F6300A2565D /* StationSearchViewController.swift */; };
		D8845D5E28752F6500A2565D /* Assets.xcassets in Resources */ = {isa = PBXBuildFile; fileRef = D8845D5D28752F6500A2565D /* Assets.xcassets */; };
		D8845D6128752F6500A2565D /* LaunchScreen.storyboard in Resources */ = {isa = PBXBuildFile; fileRef = D8845D5F28752F6500A2565D /* LaunchScreen.storyboard */; };
		D8845D6A2876927500A2565D /* SnapKit in Frameworks */ = {isa = PBXBuildFile; productRef = D8845D692876927500A2565D /* SnapKit */; };
		D8845D6D287692A800A2565D /* Alamofire in Frameworks */ = {isa = PBXBuildFile; productRef = D8845D6C287692A800A2565D /* Alamofire */; };
		D8845D7028769AD600A2565D /* StationDetailViewController.swift in Sources */ = {isa = PBXBuildFile; fileRef = D8845D6F28769AD600A2565D /* StationDetailViewController.swift */; };
		D8845D7228769CD300A2565D /* StationDetailCollectionViewCell.swift in Sources */ = {isa = PBXBuildFile; fileRef = D8845D7128769CD300A2565D /* StationDetailCollectionViewCell.swift */; };
		D8845D752876A64300A2565D /* Alamofire in Frameworks */ = {isa = PBXBuildFile; productRef = D8845D742876A64300A2565D /* Alamofire */; };
		D8845D772876A9E000A2565D /* StationResopnseModel.swift in Sources */ = {isa = PBXBuildFile; fileRef = D8845D762876A9E000A2565D /* StationResopnseModel.swift */; };
		D8845D7A2876AF9700A2565D /* StationArrivalDataResponseModel.swift in Sources */ = {isa = PBXBuildFile; fileRef = D8845D792876AF9700A2565D /* StationArrivalDataResponseModel.swift */; };
/* End PBXBuildFile section */

/* Begin PBXFileReference section */
		D8845D5128752F6300A2565D /* SubwayStation.app */ = {isa = PBXFileReference; explicitFileType = wrapper.application; includeInIndex = 0; path = SubwayStation.app; sourceTree = BUILT_PRODUCTS_DIR; };
		D8845D5428752F6300A2565D /* AppDelegate.swift */ = {isa = PBXFileReference; lastKnownFileType = sourcecode.swift; path = AppDelegate.swift; sourceTree = "<group>"; };
		D8845D5628752F6300A2565D /* SceneDelegate.swift */ = {isa = PBXFileReference; lastKnownFileType = sourcecode.swift; path = SceneDelegate.swift; sourceTree = "<group>"; };
		D8845D5828752F6300A2565D /* StationSearchViewController.swift */ = {isa = PBXFileReference; lastKnownFileType = sourcecode.swift; path = StationSearchViewController.swift; sourceTree = "<group>"; };
		D8845D5D28752F6500A2565D /* Assets.xcassets */ = {isa = PBXFileReference; lastKnownFileType = folder.assetcatalog; path = Assets.xcassets; sourceTree = "<group>"; };
		D8845D6028752F6500A2565D /* Base */ = {isa = PBXFileReference; lastKnownFileType = file.storyboard; name = Base; path = Base.lproj/LaunchScreen.storyboard; sourceTree = "<group>"; };
		D8845D6228752F6500A2565D /* Info.plist */ = {isa = PBXFileReference; lastKnownFileType = text.plist.xml; path = Info.plist; sourceTree = "<group>"; };
		D8845D6F28769AD600A2565D /* StationDetailViewController.swift */ = {isa = PBXFileReference; lastKnownFileType = sourcecode.swift; path = StationDetailViewController.swift; sourceTree = "<group>"; };
		D8845D7128769CD300A2565D /* StationDetailCollectionViewCell.swift */ = {isa = PBXFileReference; lastKnownFileType = sourcecode.swift; path = StationDetailCollectionViewCell.swift; sourceTree = "<group>"; };
		D8845D762876A9E000A2565D /* StationResopnseModel.swift */ = {isa = PBXFileReference; lastKnownFileType = sourcecode.swift; path = StationResopnseModel.swift; sourceTree = "<group>"; };
		D8845D792876AF9700A2565D /* StationArrivalDataResponseModel.swift */ = {isa = PBXFileReference; lastKnownFileType = sourcecode.swift; path = StationArrivalDataResponseModel.swift; sourceTree = "<group>"; };
/* End PBXFileReference section */

/* Begin PBXFrameworksBuildPhase section */
		D8845D4E28752F6300A2565D /* Frameworks */ = {
			isa = PBXFrameworksBuildPhase;
			buildActionMask = 2147483647;
			files = (
				D8845D752876A64300A2565D /* Alamofire in Frameworks */,
				D8845D6A2876927500A2565D /* SnapKit in Frameworks */,
				D8845D6D287692A800A2565D /* Alamofire in Frameworks */,
			);
			runOnlyForDeploymentPostprocessing = 0;
		};
/* End PBXFrameworksBuildPhase section */

/* Begin PBXGroup section */
		D8845D4828752F6300A2565D = {
			isa = PBXGroup;
			children = (
				D8845D5328752F6300A2565D /* SubwayStation */,
				D8845D5228752F6300A2565D /* Products */,
			);
			sourceTree = "<group>";
		};
		D8845D5228752F6300A2565D /* Products */ = {
			isa = PBXGroup;
			children = (
				D8845D5128752F6300A2565D /* SubwayStation.app */,
			);
			name = Products;
			sourceTree = "<group>";
		};
		D8845D5328752F6300A2565D /* SubwayStation */ = {
			isa = PBXGroup;
			children = (
				D8845D5428752F6300A2565D /* AppDelegate.swift */,
				D8845D5628752F6300A2565D /* SceneDelegate.swift */,
				D8845D782876AF7900A2565D /* Model */,
				D8845D6E28769ABC00A2565D /* Scenes */,
				D8845D5D28752F6500A2565D /* Assets.xcassets */,
				D8845D5F28752F6500A2565D /* LaunchScreen.storyboard */,
				D8845D6228752F6500A2565D /* Info.plist */,
			);
			path = SubwayStation;
			sourceTree = "<group>";
		};
		D8845D6E28769ABC00A2565D /* Scenes */ = {
			isa = PBXGroup;
			children = (
				D8845D5828752F6300A2565D /* StationSearchViewController.swift */,
				D8845D6F28769AD600A2565D /* StationDetailViewController.swift */,
				D8845D7128769CD300A2565D /* StationDetailCollectionViewCell.swift */,
			);
			path = Scenes;
			sourceTree = "<group>";
		};
		D8845D782876AF7900A2565D /* Model */ = {
			isa = PBXGroup;
			children = (
				D8845D762876A9E000A2565D /* StationResopnseModel.swift */,
				D8845D792876AF9700A2565D /* StationArrivalDataResponseModel.swift */,
			);
			path = Model;
			sourceTree = "<group>";
		};
/* End PBXGroup section */

/* Begin PBXNativeTarget section */
		D8845D5028752F6300A2565D /* SubwayStation */ = {
			isa = PBXNativeTarget;
			buildConfigurationList = D8845D6528752F6500A2565D /* Build configuration list for PBXNativeTarget "SubwayStation" */;
			buildPhases = (
				D8845D4D28752F6300A2565D /* Sources */,
				D8845D4E28752F6300A2565D /* Frameworks */,
				D8845D4F28752F6300A2565D /* Resources */,
			);
			buildRules = (
			);
			dependencies = (
			);
			name = SubwayStation;
			packageProductDependencies = (
				D8845D692876927500A2565D /* SnapKit */,
				D8845D6C287692A800A2565D /* Alamofire */,
				D8845D742876A64300A2565D /* Alamofire */,
			);
			productName = SubwayStation;
			productReference = D8845D5128752F6300A2565D /* SubwayStation.app */;
			productType = "com.apple.product-type.application";
		};
/* End PBXNativeTarget section */

/* Begin PBXProject section */
		D8845D4928752F6300A2565D /* Project object */ = {
			isa = PBXProject;
			attributes = {
				BuildIndependentTargetsInParallel = 1;
				LastSwiftUpdateCheck = 1330;
				LastUpgradeCheck = 1330;
				TargetAttributes = {
					D8845D5028752F6300A2565D = {
						CreatedOnToolsVersion = 13.3.1;
					};
				};
			};
			buildConfigurationList = D8845D4C28752F6300A2565D /* Build configuration list for PBXProject "SubwayStation" */;
			compatibilityVersion = "Xcode 13.0";
			developmentRegion = en;
			hasScannedForEncodings = 0;
			knownRegions = (
				en,
				Base,
			);
			mainGroup = D8845D4828752F6300A2565D;
			packageReferences = (
				D8845D682876927500A2565D /* XCRemoteSwiftPackageReference "SnapKit" */,
				D8845D6B287692A800A2565D /* XCRemoteSwiftPackageReference "Alamofire" */,
				D8845D732876A64300A2565D /* XCRemoteSwiftPackageReference "Alamofire" */,
			);
			productRefGroup = D8845D5228752F6300A2565D /* Products */;
			projectDirPath = "";
			projectRoot = "";
			targets = (
				D8845D5028752F6300A2565D /* SubwayStation */,
			);
		};
/* End PBXProject section */

/* Begin PBXResourcesBuildPhase section */
		D8845D4F28752F6300A2565D /* Resources */ = {
			isa = PBXResourcesBuildPhase;
			buildActionMask = 2147483647;
			files = (
				D8845D6128752F6500A2565D /* LaunchScreen.storyboard in Resources */,
				D8845D5E28752F6500A2565D /* Assets.xcassets in Resources */,
			);
			runOnlyForDeploymentPostprocessing = 0;
		};
/* End PBXResourcesBuildPhase section */

/* Begin PBXSourcesBuildPhase section */
		D8845D4D28752F6300A2565D /* Sources */ = {
			isa = PBXSourcesBuildPhase;
			buildActionMask = 2147483647;
			files = (
				D8845D7028769AD600A2565D /* StationDetailViewController.swift in Sources */,
				D8845D5928752F6300A2565D /* StationSearchViewController.swift in Sources */,
				D8845D5528752F6300A2565D /* AppDelegate.swift in Sources */,
				D8845D7A2876AF9700A2565D /* StationArrivalDataResponseModel.swift in Sources */,
				D8845D7228769CD300A2565D /* StationDetailCollectionViewCell.swift in Sources */,
				D8845D5728752F6300A2565D /* SceneDelegate.swift in Sources */,
				D8845D772876A9E000A2565D /* StationResopnseModel.swift in Sources */,
			);
			runOnlyForDeploymentPostprocessing = 0;
		};
/* End PBXSourcesBuildPhase section */

/* Begin PBXVariantGroup section */
		D8845D5F28752F6500A2565D /* LaunchScreen.storyboard */ = {
			isa = PBXVariantGroup;
			children = (
				D8845D6028752F6500A2565D /* Base */,
			);
			name = LaunchScreen.storyboard;
			sourceTree = "<group>";
		};
/* End PBXVariantGroup section */

/* Begin XCBuildConfiguration section */
		D8845D6328752F6500A2565D /* Debug */ = {
			isa = XCBuildConfiguration;
			buildSettings = {
				ALWAYS_SEARCH_USER_PATHS = NO;
				CLANG_ANALYZER_NONNULL = YES;
				CLANG_ANALYZER_NUMBER_OBJECT_CONVERSION = YES_AGGRESSIVE;
				CLANG_CXX_LANGUAGE_STANDARD = "gnu++17";
				CLANG_ENABLE_MODULES = YES;
				CLANG_ENABLE_OBJC_ARC = YES;
				CLANG_ENABLE_OBJC_WEAK = YES;
				CLANG_WARN_BLOCK_CAPTURE_AUTORELEASING = YES;
				CLANG_WARN_BOOL_CONVERSION = YES;
				CLANG_WARN_COMMA = YES;
				CLANG_WARN_CONSTANT_CONVERSION = YES;
				CLANG_WARN_DEPRECATED_OBJC_IMPLEMENTATIONS = YES;
				CLANG_WARN_DIRECT_OBJC_ISA_USAGE = YES_ERROR;
				CLANG_WARN_DOCUMENTATION_COMMENTS = YES;
				CLANG_WARN_EMPTY_BODY = YES;
				CLANG_WARN_ENUM_CONVERSION = YES;
				CLANG_WARN_INFINITE_RECURSION = YES;
				CLANG_WARN_INT_CONVERSION = YES;
				CLANG_WARN_NON_LITERAL_NULL_CONVERSION = YES;
				CLANG_WARN_OBJC_IMPLICIT_RETAIN_SELF = YES;
				CLANG_WARN_OBJC_LITERAL_CONVERSION = YES;
				CLANG_WARN_OBJC_ROOT_CLASS = YES_ERROR;
				CLANG_WARN_QUOTED_INCLUDE_IN_FRAMEWORK_HEADER = YES;
				CLANG_WARN_RANGE_LOOP_ANALYSIS = YES;
				CLANG_WARN_STRICT_PROTOTYPES = YES;
				CLANG_WARN_SUSPICIOUS_MOVE = YES;
				CLANG_WARN_UNGUARDED_AVAILABILITY = YES_AGGRESSIVE;
				CLANG_WARN_UNREACHABLE_CODE = YES;
				CLANG_WARN__DUPLICATE_METHOD_MATCH = YES;
				COPY_PHASE_STRIP = NO;
				DEBUG_INFORMATION_FORMAT = dwarf;
				ENABLE_STRICT_OBJC_MSGSEND = YES;
				ENABLE_TESTABILITY = YES;
				GCC_C_LANGUAGE_STANDARD = gnu11;
				GCC_DYNAMIC_NO_PIC = NO;
				GCC_NO_COMMON_BLOCKS = YES;
				GCC_OPTIMIZATION_LEVEL = 0;
				GCC_PREPROCESSOR_DEFINITIONS = (
					"DEBUG=1",
					"$(inherited)",
				);
				GCC_WARN_64_TO_32_BIT_CONVERSION = YES;
				GCC_WARN_ABOUT_RETURN_TYPE = YES_ERROR;
				GCC_WARN_UNDECLARED_SELECTOR = YES;
				GCC_WARN_UNINITIALIZED_AUTOS = YES_AGGRESSIVE;
				GCC_WARN_UNUSED_FUNCTION = YES;
				GCC_WARN_UNUSED_VARIABLE = YES;
				IPHONEOS_DEPLOYMENT_TARGET = 15.4;
				MTL_ENABLE_DEBUG_INFO = INCLUDE_SOURCE;
				MTL_FAST_MATH = YES;
				ONLY_ACTIVE_ARCH = YES;
				SDKROOT = iphoneos;
				SWIFT_ACTIVE_COMPILATION_CONDITIONS = DEBUG;
				SWIFT_OPTIMIZATION_LEVEL = "-Onone";
			};
			name = Debug;
		};
		D8845D6428752F6500A2565D /* Release */ = {
			isa = XCBuildConfiguration;
			buildSettings = {
				ALWAYS_SEARCH_USER_PATHS = NO;
				CLANG_ANALYZER_NONNULL = YES;
				CLANG_ANALYZER_NUMBER_OBJECT_CONVERSION = YES_AGGRESSIVE;
				CLANG_CXX_LANGUAGE_STANDARD = "gnu++17";
				CLANG_ENABLE_MODULES = YES;
				CLANG_ENABLE_OBJC_ARC = YES;
				CLANG_ENABLE_OBJC_WEAK = YES;
				CLANG_WARN_BLOCK_CAPTURE_AUTORELEASING = YES;
				CLANG_WARN_BOOL_CONVERSION = YES;
				CLANG_WARN_COMMA = YES;
				CLANG_WARN_CONSTANT_CONVERSION = YES;
				CLANG_WARN_DEPRECATED_OBJC_IMPLEMENTATIONS = YES;
				CLANG_WARN_DIRECT_OBJC_ISA_USAGE = YES_ERROR;
				CLANG_WARN_DOCUMENTATION_COMMENTS = YES;
				CLANG_WARN_EMPTY_BODY = YES;
				CLANG_WARN_ENUM_CONVERSION = YES;
				CLANG_WARN_INFINITE_RECURSION = YES;
				CLANG_WARN_INT_CONVERSION = YES;
				CLANG_WARN_NON_LITERAL_NULL_CONVERSION = YES;
				CLANG_WARN_OBJC_IMPLICIT_RETAIN_SELF = YES;
				CLANG_WARN_OBJC_LITERAL_CONVERSION = YES;
				CLANG_WARN_OBJC_ROOT_CLASS = YES_ERROR;
				CLANG_WARN_QUOTED_INCLUDE_IN_FRAMEWORK_HEADER = YES;
				CLANG_WARN_RANGE_LOOP_ANALYSIS = YES;
				CLANG_WARN_STRICT_PROTOTYPES = YES;
				CLANG_WARN_SUSPICIOUS_MOVE = YES;
				CLANG_WARN_UNGUARDED_AVAILABILITY = YES_AGGRESSIVE;
				CLANG_WARN_UNREACHABLE_CODE = YES;
				CLANG_WARN__DUPLICATE_METHOD_MATCH = YES;
				COPY_PHASE_STRIP = NO;
				DEBUG_INFORMATION_FORMAT = "dwarf-with-dsym";
				ENABLE_NS_ASSERTIONS = NO;
				ENABLE_STRICT_OBJC_MSGSEND = YES;
				GCC_C_LANGUAGE_STANDARD = gnu11;
				GCC_NO_COMMON_BLOCKS = YES;
				GCC_WARN_64_TO_32_BIT_CONVERSION = YES;
				GCC_WARN_ABOUT_RETURN_TYPE = YES_ERROR;
				GCC_WARN_UNDECLARED_SELECTOR = YES;
				GCC_WARN_UNINITIALIZED_AUTOS = YES_AGGRESSIVE;
				GCC_WARN_UNUSED_FUNCTION = YES;
				GCC_WARN_UNUSED_VARIABLE = YES;
				IPHONEOS_DEPLOYMENT_TARGET = 15.4;
				MTL_ENABLE_DEBUG_INFO = NO;
				MTL_FAST_MATH = YES;
				SDKROOT = iphoneos;
				SWIFT_COMPILATION_MODE = wholemodule;
				SWIFT_OPTIMIZATION_LEVEL = "-O";
				VALIDATE_PRODUCT = YES;
			};
			name = Release;
		};
		D8845D6628752F6500A2565D /* Debug */ = {
			isa = XCBuildConfiguration;
			buildSettings = {
				ASSETCATALOG_COMPILER_APPICON_NAME = AppIcon;
				ASSETCATALOG_COMPILER_GLOBAL_ACCENT_COLOR_NAME = AccentColor;
				CODE_SIGN_STYLE = Automatic;
				CURRENT_PROJECT_VERSION = 1;
				DEVELOPMENT_TEAM = UBA9LZ8GVL;
				GENERATE_INFOPLIST_FILE = YES;
				INFOPLIST_FILE = SubwayStation/Info.plist;
				INFOPLIST_KEY_UIApplicationSupportsIndirectInputEvents = YES;
				INFOPLIST_KEY_UILaunchStoryboardName = LaunchScreen;
				INFOPLIST_KEY_UISupportedInterfaceOrientations_iPad = "UIInterfaceOrientationPortrait UIInterfaceOrientationPortraitUpsideDown UIInterfaceOrientationLandscapeLeft UIInterfaceOrientationLandscapeRight";
				INFOPLIST_KEY_UISupportedInterfaceOrientations_iPhone = "UIInterfaceOrientationPortrait UIInterfaceOrientationLandscapeLeft UIInterfaceOrientationLandscapeRight";
				IPHONEOS_DEPLOYMENT_TARGET = 14.0;
				LD_RUNPATH_SEARCH_PATHS = (
					"$(inherited)",
					"@executable_path/Frameworks",
				);
				MARKETING_VERSION = 1.0;
				PRODUCT_BUNDLE_IDENTIFIER = com.medium.raralabs.SubwayStation;
				PRODUCT_NAME = "$(TARGET_NAME)";
				SWIFT_EMIT_LOC_STRINGS = YES;
				SWIFT_VERSION = 5.0;
				TARGETED_DEVICE_FAMILY = "1,2";
			};
			name = Debug;
		};
		D8845D6728752F6500A2565D /* Release */ = {
			isa = XCBuildConfiguration;
			buildSettings = {
				ASSETCATALOG_COMPILER_APPICON_NAME = AppIcon;
				ASSETCATALOG_COMPILER_GLOBAL_ACCENT_COLOR_NAME = AccentColor;
				CODE_SIGN_STYLE = Automatic;
				CURRENT_PROJECT_VERSION = 1;
				DEVELOPMENT_TEAM = UBA9LZ8GVL;
				GENERATE_INFOPLIST_FILE = YES;
				INFOPLIST_FILE = SubwayStation/Info.plist;
				INFOPLIST_KEY_UIApplicationSupportsIndirectInputEvents = YES;
				INFOPLIST_KEY_UILaunchStoryboardName = LaunchScreen;
				INFOPLIST_KEY_UISupportedInterfaceOrientations_iPad = "UIInterfaceOrientationPortrait UIInterfaceOrientationPortraitUpsideDown UIInterfaceOrientationLandscapeLeft UIInterfaceOrientationLandscapeRight";
				INFOPLIST_KEY_UISupportedInterfaceOrientations_iPhone = "UIInterfaceOrientationPortrait UIInterfaceOrientationLandscapeLeft UIInterfaceOrientationLandscapeRight";
				IPHONEOS_DEPLOYMENT_TARGET = 14.0;
				LD_RUNPATH_SEARCH_PATHS = (
					"$(inherited)",
					"@executable_path/Frameworks",
				);
				MARKETING_VERSION = 1.0;
				PRODUCT_BUNDLE_IDENTIFIER = com.medium.raralabs.SubwayStation;
				PRODUCT_NAME = "$(TARGET_NAME)";
				SWIFT_EMIT_LOC_STRINGS = YES;
				SWIFT_VERSION = 5.0;
				TARGETED_DEVICE_FAMILY = "1,2";
			};
			name = Release;
		};
/* End XCBuildConfiguration section */

/* Begin XCConfigurationList section */
		D8845D4C28752F6300A2565D /* Build configuration list for PBXProject "SubwayStation" */ = {
			isa = XCConfigurationList;
			buildConfigurations = (
				D8845D6328752F6500A2565D /* Debug */,
				D8845D6428752F6500A2565D /* Release */,
			);
			defaultConfigurationIsVisible = 0;
			defaultConfigurationName = Release;
		};
		D8845D6528752F6500A2565D /* Build configuration list for PBXNativeTarget "SubwayStation" */ = {
			isa = XCConfigurationList;
			buildConfigurations = (
				D8845D6628752F6500A2565D /* Debug */,
				D8845D6728752F6500A2565D /* Release */,
			);
			defaultConfigurationIsVisible = 0;
			defaultConfigurationName = Release;
		};
/* End XCConfigurationList section */

/* Begin XCRemoteSwiftPackageReference section */
		D8845D682876927500A2565D /* XCRemoteSwiftPackageReference "SnapKit" */ = {
			isa = XCRemoteSwiftPackageReference;
			repositoryURL = "https://github.com/SnapKit/SnapKit.git";
			requirement = {
				branch = develop;
				kind = branch;
			};
		};
		D8845D6B287692A800A2565D /* XCRemoteSwiftPackageReference "Alamofire" */ = {
			isa = XCRemoteSwiftPackageReference;
			repositoryURL = "https://github.com/Alamofire/Alamofire.git";
			requirement = {
				kind = upToNextMajorVersion;
				minimumVersion = 5.0.0;
			};
		};
		D8845D732876A64300A2565D /* XCRemoteSwiftPackageReference "Alamofire" */ = {
			isa = XCRemoteSwiftPackageReference;
			repositoryURL = "https://github.com/Alamofire/Alamofire.git";
			requirement = {
				branch = master;
				kind = branch;
			};
		};
/* End XCRemoteSwiftPackageReference section */

/* Begin XCSwiftPackageProductDependency section */
		D8845D692876927500A2565D /* SnapKit */ = {
			isa = XCSwiftPackageProductDependency;
			package = D8845D682876927500A2565D /* XCRemoteSwiftPackageReference "SnapKit" */;
			productName = SnapKit;
		};
		D8845D6C287692A800A2565D /* Alamofire */ = {
			isa = XCSwiftPackageProductDependency;
			package = D8845D6B287692A800A2565D /* XCRemoteSwiftPackageReference "Alamofire" */;
			productName = Alamofire;
		};
		D8845D742876A64300A2565D /* Alamofire */ = {
			isa = XCSwiftPackageProductDependency;
			package = D8845D732876A64300A2565D /* XCRemoteSwiftPackageReference "Alamofire" */;
			productName = Alamofire;
		};
/* End XCSwiftPackageProductDependency section */
	};
	rootObject = D8845D4928752F6300A2565D /* Project object */;
}
